github.com/zhengweiye/gopool v1.0.2 h1:VufP7T//MeDOtGY6UwjVcqnp9gz1HTx2LzludseOK3k=
github.com/zhengweiye/gopool v1.0.2/go.mod h1:3Oq+U0Rj9NkoxAEtvuUC5QCwOqLvwg2O4DvQNEkoOvA=
github.com/zhengweiye/gopool v1.0.3 h1:tS9U+HFBFI1rte3n0F4JzsaUJVtEaPq1j9WMEH5iji4=
github.com/zhengweiye/gopool v1.0.3/go.mod h1:3Oq+U0Rj9NkoxAEtvuUC5QCwOqLvwg2O4DvQNEkoOvA=
github.com/zhengweiye/gopool v1.0.4 h1:qxU/jFLhPRNg9DtAtBCuwJlxZ4Ry8BB9z2S1j7id1tQ=
github.com/zhengweiye/gopool v1.0.4/go.mod h1:3Oq+U0Rj9NkoxAEtvuUC5QCwOqLvwg2O4DvQNEkoOvA=
